
Microsoft Visual Studio Solution File, Format Version 12.00
# Visual Studio Version 17
VisualStudioVersion = 17.10.35013.160
MinimumVisualStudioVersion = 10.0.40219.1
Project("{FAE04EC0-301F-11D3-BF4B-00C04F79EFBC}") = "Clases", "Clases\Clases.csproj", "{610491E9-C6F5-4A55-9828-926FEFE4D12C}"
EndProject
Global
	GlobalSection(SolutionConfigurationPlatforms) = preSolution
		Debug|Any CPU = Debug|Any CPU
		Release|Any CPU = Release|Any CPU
	EndGlobalSection
	GlobalSection(ProjectConfigurationPlatforms) = postSolution
		{610491E9-C6F5-4A55-9828-926FEFE4D12C}.Debug|Any CPU.ActiveCfg = Debug|Any CPU
		{610491E9-C6F5-4A55-9828-926FEFE4D12C}.Debug|Any CPU.Build.0 = Debug|Any CPU
		{610491E9-C6F5-4A55-9828-926FEFE4D12C}.Release|Any CPU.ActiveCfg = Release|Any CPU
		{610491E9-C6F5-4A55-9828-926FEFE4D12C}.Release|Any CPU.Build.0 = Release|Any CPU
	EndGlobalSection
	GlobalSection(SolutionProperties) = preSolution
		HideSolutionNode = FALSE
	EndGlobalSection
	GlobalSection(ExtensibilityGlobals) = postSolution
		SolutionGuid = {2E8BBD12-0BC0-4A68-9E32-7633EEA1D767}
	EndGlobalSection
EndGlobal
